
Microsoft Visual Studio Solution File, Format Version 12.00
# Visual Studio Version 17
VisualStudioVersion = 17.6.33829.357
MinimumVisualStudioVersion = 10.0.40219.1
Project("{9A19103F-16F7-4668-BE54-9A1E7A4F7556}") = "FinalProject.DataAccess", "FinalProject.DataAccess\FinalProject.DataAccess.csproj", "{CBB53206-3D6E-4B2C-9C96-FFB2487B2F9F}"
EndProject
Project("{9A19103F-16F7-4668-BE54-9A1E7A4F7556}") = "FinalProject.Business", "FinalProject.Business\FinalProject.Business.csproj", "{978102C4-D20D-447C-9477-41301105B13A}"
EndProject
Project("{9A19103F-16F7-4668-BE54-9A1E7A4F7556}") = "FinalProject.ConsoleUI", "FinalProject.ConsoleUI\FinalProject.ConsoleUI.csproj", "{C39245B7-51EB-4104-8248-6723675159E3}"
EndProject
Project("{9A19103F-16F7-4668-BE54-9A1E7A4F7556}") = "FinalProject.Core", "FinalProject.Core\FinalProject.Core.csproj", "{93A69801-1E71-4370-98FB-CB155E25DA37}"
EndProject
Project("{FAE04EC0-301F-11D3-BF4B-00C04F79EFBC}") = "FinalProject.Entities", "Entities\FinalProject.Entities.csproj", "{2AEFE2DC-B9A2-4AA0-A264-F0427C48FCF7}"
EndProject
Project("{FAE04EC0-301F-11D3-BF4B-00C04F79EFBC}") = "FinalProject.WebAPI", "FinalProject.WebAPI\FinalProject.WebAPI.csproj", "{98951D57-5104-471A-AAB9-5417050CFEC3}"
EndProject
Global
	GlobalSection(SolutionConfigurationPlatforms) = preSolution
		Debug|Any CPU = Debug|Any CPU
		Release|Any CPU = Release|Any CPU
	EndGlobalSection
	GlobalSection(ProjectConfigurationPlatforms) = postSolution
		{CBB53206-3D6E-4B2C-9C96-FFB2487B2F9F}.Debug|Any CPU.ActiveCfg = Debug|Any CPU
		{CBB53206-3D6E-4B2C-9C96-FFB2487B2F9F}.Debug|Any CPU.Build.0 = Debug|Any CPU
		{CBB53206-3D6E-4B2C-9C96-FFB2487B2F9F}.Release|Any CPU.ActiveCfg = Release|Any CPU
		{CBB53206-3D6E-4B2C-9C96-FFB2487B2F9F}.Release|Any CPU.Build.0 = Release|Any CPU
		{978102C4-D20D-447C-9477-41301105B13A}.Debug|Any CPU.ActiveCfg = Debug|Any CPU
		{978102C4-D20D-447C-9477-41301105B13A}.Debug|Any CPU.Build.0 = Debug|Any CPU
		{978102C4-D20D-447C-9477-41301105B13A}.Release|Any CPU.ActiveCfg = Release|Any CPU
		{978102C4-D20D-447C-9477-41301105B13A}.Release|Any CPU.Build.0 = Release|Any CPU
		{C39245B7-51EB-4104-8248-6723675159E3}.Debug|Any CPU.ActiveCfg = Debug|Any CPU
		{C39245B7-51EB-4104-8248-6723675159E3}.Debug|Any CPU.Build.0 = Debug|Any CPU
		{C39245B7-51EB-4104-8248-6723675159E3}.Release|Any CPU.ActiveCfg = Release|Any CPU
		{C39245B7-51EB-4104-8248-6723675159E3}.Release|Any CPU.Build.0 = Release|Any CPU
		{93A69801-1E71-4370-98FB-CB155E25DA37}.Debug|Any CPU.ActiveCfg = Debug|Any CPU
		{93A69801-1E71-4370-98FB-CB155E25DA37}.Debug|Any CPU.Build.0 = Debug|Any CPU
		{93A69801-1E71-4370-98FB-CB155E25DA37}.Release|Any CPU.ActiveCfg = Release|Any CPU
		{93A69801-1E71-4370-98FB-CB155E25DA37}.Release|Any CPU.Build.0 = Release|Any CPU
		{2AEFE2DC-B9A2-4AA0-A264-F0427C48FCF7}.Debug|Any CPU.ActiveCfg = Debug|Any CPU
		{2AEFE2DC-B9A2-4AA0-A264-F0427C48FCF7}.Debug|Any CPU.Build.0 = Debug|Any CPU
		{2AEFE2DC-B9A2-4AA0-A264-F0427C48FCF7}.Release|Any CPU.ActiveCfg = Release|Any CPU
		{2AEFE2DC-B9A2-4AA0-A264-F0427C48FCF7}.Release|Any CPU.Build.0 = Release|Any CPU
		{98951D57-5104-471A-AAB9-5417050CFEC3}.Debug|Any CPU.ActiveCfg = Debug|Any CPU
		{98951D57-5104-471A-AAB9-5417050CFEC3}.Debug|Any CPU.Build.0 = Debug|Any CPU
		{98951D57-5104-471A-AAB9-5417050CFEC3}.Release|Any CPU.ActiveCfg = Release|Any CPU
		{98951D57-5104-471A-AAB9-5417050CFEC3}.Release|Any CPU.Build.0 = Release|Any CPU
	EndGlobalSection
	GlobalSection(SolutionProperties) = preSolution
		HideSolutionNode = FALSE
	EndGlobalSection
	GlobalSection(ExtensibilityGlobals) = postSolution
		SolutionGuid = {323CB9AE-7FC7-4C2E-8385-CD72E571A297}
	EndGlobalSection
EndGlobal
